
Microsoft Visual Studio Solution File, Format Version 12.00
# Visual Studio Version 16
VisualStudioVersion = 16.0.31424.327
MinimumVisualStudioVersion = 10.0.40219.1
Project("{FAE04EC0-301F-11D3-BF4B-00C04F79EFBC}") = "WebUI", "WebUI\WebUI.csproj", "{5D308D63-5D63-46FC-A349-8DD33A58EF9A}"
EndProject
Global
	GlobalSection(SolutionConfigurationPlatforms) = preSolution
		Debug|Any CPU = Debug|Any CPU
		Release|Any CPU = Release|Any CPU
	EndGlobalSection
	GlobalSection(ProjectConfigurationPlatforms) = postSolution
		{5D308D63-5D63-46FC-A349-8DD33A58EF9A}.Debug|Any CPU.ActiveCfg = Debug|Any CPU
		{5D308D63-5D63-46FC-A349-8DD33A58EF9A}.Debug|Any CPU.Build.0 = Debug|Any CPU
		{5D308D63-5D63-46FC-A349-8DD33A58EF9A}.Release|Any CPU.ActiveCfg = Release|Any CPU
		{5D308D63-5D63-46FC-A349-8DD33A58EF9A}.Release|Any CPU.Build.0 = Release|Any CPU
	EndGlobalSection
	GlobalSection(SolutionProperties) = preSolution
		HideSolutionNode = FALSE
	EndGlobalSection
	GlobalSection(ExtensibilityGlobals) = postSolution
		SolutionGuid = {51169742-138C-4D11-960E-B3230EE3F899}
	EndGlobalSection
EndGlobal
